// !$*UTF8*$!
{
	archiveVersion = 1;
	classes = {
	};
	objectVersion = 77;
	objects = {

/* Begin PBXBuildFile section */
		C2A00F012E2A000F00677FAA /* MiloNowPlayingExtension.appex in Embed ExtensionKit Extensions */ = {isa = PBXBuildFile; fileRef = C2A001012E2A000100677FAA /* MiloNowPlayingExtension.appex */; settings = {ATTRIBUTES = (RemoveHeadersOnCopy, ); }; };
		C1F00F012E29000F00677FAA /* MiloWidgetExtension.appex in Embed App Extensions */ = {isa = PBXBuildFile; fileRef = C1F001012E29000100677FAA /* MiloWidgetExtension.appex */; settings = {ATTRIBUTES = (RemoveHeadersOnCopy, ); }; };
/* End PBXBuildFile section */

/* Begin PBXContainerItemProxy section */
		C2A00C012E2A000C00677FAA /* PBXContainerItemProxy */ = {
			isa = PBXContainerItemProxy;
			containerPortal = B31D85172E1A632900677FAA /* Project object */;
			proxyType = 1;
			remoteGlobalIDString = C2A005012E2A000500677FAA;
			remoteInfo = MiloNowPlayingExtension;
		};
		B31D85362E1A632B00677FAA /* PBXContainerItemProxy */ = {
			isa = PBXContainerItemProxy;
			containerPortal = B31D85172E1A632900677FAA /* Project object */;
			proxyType = 1;
			remoteGlobalIDString = B31D851E2E1A632900677FAA;
			remoteInfo = "oakOS-iOS";
		};
		B31D85402E1A632B00677FAA /* PBXContainerItemProxy */ = {
			isa = PBXContainerItemProxy;
			containerPortal = B31D85172E1A632900677FAA /* Project object */;
			proxyType = 1;
			remoteGlobalIDString = B31D851E2E1A632900677FAA;
			remoteInfo = "oakOS-iOS";
		};
		C1F00C012E29000C00677FAA /* PBXContainerItemProxy */ = {
			isa = PBXContainerItemProxy;
			containerPortal = B31D85172E1A632900677FAA /* Project object */;
			proxyType = 1;
			remoteGlobalIDString = C1F005012E29000500677FAA;
			remoteInfo = MiloWidgetExtension;
		};
/* End PBXContainerItemProxy section */

/* Begin PBXCopyFilesBuildPhase section */
		C2A010012E2A001000677FAA /* Embed ExtensionKit Extensions */ = {
			isa = PBXCopyFilesBuildPhase;
			buildActionMask = 2147483647;
			dstPath = "$(EXTENSIONS_FOLDER_PATH)";
			dstSubfolderSpec = 16;
			files = (
				C2A00F012E2A000F00677FAA /* MiloNowPlayingExtension.appex in Embed ExtensionKit Extensions */,
			);
			name = "Embed ExtensionKit Extensions";
			runOnlyForDeploymentPostprocessing = 0;
		};
		C1F00E012E29000E00677FAA /* Embed App Extensions */ = {
			isa = PBXCopyFilesBuildPhase;
			buildActionMask = 2147483647;
			dstPath = "";
			dstSubfolderSpec = 13;
			files = (
				C1F00F012E29000F00677FAA /* MiloWidgetExtension.appex in Embed App Extensions */,
			);
			name = "Embed App Extensions";
			runOnlyForDeploymentPostprocessing = 0;
		};
/* End PBXCopyFilesBuildPhase section */

/* Begin PBXFileReference section */
		C2A001012E2A000100677FAA /* MiloNowPlayingExtension.appex */ = {isa = PBXFileReference; explicitFileType = "wrapper.app-extension"; includeInIndex = 0; path = MiloNowPlayingExtension.appex; sourceTree = BUILT_PRODUCTS_DIR; };
		B31D851F2E1A632900677FAA /* Milo-iOS.app */ = {isa = PBXFileReference; explicitFileType = wrapper.application; includeInIndex = 0; path = "Milo-iOS.app"; sourceTree = BUILT_PRODUCTS_DIR; };
		B31D85352E1A632B00677FAA /* Milo-iOSTests.xctest */ = {isa = PBXFileReference; explicitFileType = wrapper.cfbundle; includeInIndex = 0; path = "Milo-iOSTests.xctest"; sourceTree = BUILT_PRODUCTS_DIR; };
		B31D853F2E1A632B00677FAA /* Milo-iOSUITests.xctest */ = {isa = PBXFileReference; explicitFileType = wrapper.cfbundle; includeInIndex = 0; path = "Milo-iOSUITests.xctest"; sourceTree = BUILT_PRODUCTS_DIR; };
		C1F001012E29000100677FAA /* MiloWidgetExtension.appex */ = {isa = PBXFileReference; explicitFileType = "wrapper.app-extension"; includeInIndex = 0; path = MiloWidgetExtension.appex; sourceTree = BUILT_PRODUCTS_DIR; };
/* End PBXFileReference section */

/* Begin PBXFileSystemSynchronizedBuildFileExceptionSet section */
		C2A004012E2A000400677FAA /* Exceptions for "MiloNowPlaying" folder in "MiloNowPlayingExtension" target */ = {
			isa = PBXFileSystemSynchronizedBuildFileExceptionSet;
			membershipExceptions = (
				Info.plist,
			);
			target = C2A005012E2A000500677FAA /* MiloNowPlayingExtension */;
		};
		B31D85602E1A632900677FAA /* Exceptions for "Milo-iOS" folder in "Milo-iOS" target */ = {
			isa = PBXFileSystemSynchronizedBuildFileExceptionSet;
			membershipExceptions = (
				Info.plist,
			);
			target = B31D851E2E1A632900677FAA /* Milo-iOS */;
		};
		C1F002022E29000200677FAA /* Exceptions for "MiloWidget" folder in "MiloWidgetExtension" target */ = {
			isa = PBXFileSystemSynchronizedBuildFileExceptionSet;
			membershipExceptions = (
				Info.plist,
			);
			target = C1F005012E29000500677FAA /* MiloWidgetExtension */;
		};
/* End PBXFileSystemSynchronizedBuildFileExceptionSet section */

/* Begin PBXFileSystemSynchronizedRootGroup section */
		C2A002012E2A000200677FAA /* MiloNowPlaying */ = {
			isa = PBXFileSystemSynchronizedRootGroup;
			exceptions = (
				C2A004012E2A000400677FAA /* Exceptions for "MiloNowPlaying" folder in "MiloNowPlayingExtension" target */,
			);
			path = MiloNowPlaying;
			sourceTree = "<group>";
		};
		C2A003012E2A000300677FAA /* NowPlaying */ = {
			isa = PBXFileSystemSynchronizedRootGroup;
			path = NowPlaying;
			sourceTree = "<group>";
		};
		B31D85212E1A632900677FAA /* Milo-iOS */ = {
			isa = PBXFileSystemSynchronizedRootGroup;
			exceptions = (
				B31D85602E1A632900677FAA /* Exceptions for "Milo-iOS" folder in "Milo-iOS" target */,
			);
			path = "Milo-iOS";
			sourceTree = "<group>";
		};
		B31D85382E1A632B00677FAA /* Milo-iOSTests */ = {
			isa = PBXFileSystemSynchronizedRootGroup;
			path = "Milo-iOSTests";
			sourceTree = "<group>";
		};
		B31D85422E1A632B00677FAA /* Milo-iOSUITests */ = {
			isa = PBXFileSystemSynchronizedRootGroup;
			path = "Milo-iOSUITests";
			sourceTree = "<group>";
		};
		C1F002012E29000200677FAA /* MiloWidget */ = {
			isa = PBXFileSystemSynchronizedRootGroup;
			exceptions = (
				C1F002022E29000200677FAA /* Exceptions for "MiloWidget" folder in "MiloWidgetExtension" target */,
			);
			path = MiloWidget;
			sourceTree = "<group>";
		};
		C1F003012E29000300677FAA /* Shared */ = {
			isa = PBXFileSystemSynchronizedRootGroup;
			path = Shared;
			sourceTree = "<group>";
		};
/* End PBXFileSystemSynchronizedRootGroup section */

/* Begin PBXFrameworksBuildPhase section */
		C2A006012E2A000600677FAA /* Frameworks */ = {
			isa = PBXFrameworksBuildPhase;
			buildActionMask = 2147483647;
			files = (
			);
			runOnlyForDeploymentPostprocessing = 0;
		};
		B31D851C2E1A632900677FAA /* Frameworks */ = {
			isa = PBXFrameworksBuildPhase;
			buildActionMask = 2147483647;
			files = (
			);
			runOnlyForDeploymentPostprocessing = 0;
		};
		B31D85322E1A632B00677FAA /* Frameworks */ = {
			isa = PBXFrameworksBuildPhase;
			buildActionMask = 2147483647;
			files = (
			);
			runOnlyForDeploymentPostprocessing = 0;
		};
		B31D853C2E1A632B00677FAA /* Frameworks */ = {
			isa = PBXFrameworksBuildPhase;
			buildActionMask = 2147483647;
			files = (
			);
			runOnlyForDeploymentPostprocessing = 0;
		};
		C1F006012E29000600677FAA /* Frameworks */ = {
			isa = PBXFrameworksBuildPhase;
			buildActionMask = 2147483647;
			files = (
			);
			runOnlyForDeploymentPostprocessing = 0;
		};
/* End PBXFrameworksBuildPhase section */

/* Begin PBXGroup section */
		B31D85162E1A632900677FAA = {
			isa = PBXGroup;
			children = (
				B31D85212E1A632900677FAA /* Milo-iOS */,
				C1F003012E29000300677FAA /* Shared */,
				C1F002012E29000200677FAA /* MiloWidget */,
				C2A002012E2A000200677FAA /* MiloNowPlaying */,
				C2A003012E2A000300677FAA /* NowPlaying */,
				B31D85382E1A632B00677FAA /* Milo-iOSTests */,
				B31D85422E1A632B00677FAA /* Milo-iOSUITests */,
				B31D85202E1A632900677FAA /* Products */,
			);
			sourceTree = "<group>";
		};
		B31D85202E1A632900677FAA /* Products */ = {
			isa = PBXGroup;
			children = (
				B31D851F2E1A632900677FAA /* Milo-iOS.app */,
				B31D85352E1A632B00677FAA /* Milo-iOSTests.xctest */,
				B31D853F2E1A632B00677FAA /* Milo-iOSUITests.xctest */,
				C1F001012E29000100677FAA /* MiloWidgetExtension.appex */,
				C2A001012E2A000100677FAA /* MiloNowPlayingExtension.appex */,
			);
			name = Products;
			sourceTree = "<group>";
		};
/* End PBXGroup section */

/* Begin PBXNativeTarget section */
		C2A005012E2A000500677FAA /* MiloNowPlayingExtension */ = {
			isa = PBXNativeTarget;
			buildConfigurationList = C2A00B012E2A000B00677FAA /* Build configuration list for PBXNativeTarget "MiloNowPlayingExtension" */;
			buildPhases = (
				C2A007012E2A000700677FAA /* Sources */,
				C2A006012E2A000600677FAA /* Frameworks */,
				C2A008012E2A000800677FAA /* Resources */,
			);
			buildRules = (
			);
			dependencies = (
			);
			fileSystemSynchronizedGroups = (
				C2A002012E2A000200677FAA /* MiloNowPlaying */,
				C2A003012E2A000300677FAA /* NowPlaying */,
				C1F003012E29000300677FAA /* Shared */,
			);
			name = MiloNowPlayingExtension;
			packageProductDependencies = (
			);
			productName = MiloNowPlayingExtension;
			productReference = C2A001012E2A000100677FAA /* MiloNowPlayingExtension.appex */;
			productType = "com.apple.product-type.extensionkit-extension";
		};
		B31D851E2E1A632900677FAA /* Milo-iOS */ = {
			isa = PBXNativeTarget;
			buildConfigurationList = B31D85482E1A632B00677FAA /* Build configuration list for PBXNativeTarget "Milo-iOS" */;
			buildPhases = (
				B31D851B2E1A632900677FAA /* Sources */,
				B31D851C2E1A632900677FAA /* Frameworks */,
				B31D851D2E1A632900677FAA /* Resources */,
				C1F00E012E29000E00677FAA /* Embed App Extensions */,
				C2A010012E2A001000677FAA /* Embed ExtensionKit Extensions */,
			);
			buildRules = (
			);
			dependencies = (
				C1F00D012E29000D00677FAA /* PBXTargetDependency */,
				C2A00D012E2A000D00677FAA /* PBXTargetDependency */,
			);
			fileSystemSynchronizedGroups = (
				B31D85212E1A632900677FAA /* Milo-iOS */,
				C1F003012E29000300677FAA /* Shared */,
				C2A003012E2A000300677FAA /* NowPlaying */,
			);
			name = "Milo-iOS";
			packageProductDependencies = (
			);
			productName = "oakOS-iOS";
			productReference = B31D851F2E1A632900677FAA /* Milo-iOS.app */;
			productType = "com.apple.product-type.application";
		};
		B31D85342E1A632B00677FAA /* Milo-iOSTests */ = {
			isa = PBXNativeTarget;
			buildConfigurationList = B31D854D2E1A632B00677FAA /* Build configuration list for PBXNativeTarget "Milo-iOSTests" */;
			buildPhases = (
				B31D85312E1A632B00677FAA /* Sources */,
				B31D85322E1A632B00677FAA /* Frameworks */,
				B31D85332E1A632B00677FAA /* Resources */,
			);
			buildRules = (
			);
			dependencies = (
				B31D85372E1A632B00677FAA /* PBXTargetDependency */,
			);
			fileSystemSynchronizedGroups = (
				B31D85382E1A632B00677FAA /* Milo-iOSTests */,
			);
			name = "Milo-iOSTests";
			packageProductDependencies = (
			);
			productName = "oakOS-iOSTests";
			productReference = B31D85352E1A632B00677FAA /* Milo-iOSTests.xctest */;
			productType = "com.apple.product-type.bundle.unit-test";
		};
		B31D853E2E1A632B00677FAA /* Milo-iOSUITests */ = {
			isa = PBXNativeTarget;
			buildConfigurationList = B31D85502E1A632B00677FAA /* Build configuration list for PBXNativeTarget "Milo-iOSUITests" */;
			buildPhases = (
				B31D853B2E1A632B00677FAA /* Sources */,
				B31D853C2E1A632B00677FAA /* Frameworks */,
				B31D853D2E1A632B00677FAA /* Resources */,
			);
			buildRules = (
			);
			dependencies = (
				B31D85412E1A632B00677FAA /* PBXTargetDependency */,
			);
			fileSystemSynchronizedGroups = (
				B31D85422E1A632B00677FAA /* Milo-iOSUITests */,
			);
			name = "Milo-iOSUITests";
			packageProductDependencies = (
			);
			productName = "oakOS-iOSUITests";
			productReference = B31D853F2E1A632B00677FAA /* Milo-iOSUITests.xctest */;
			productType = "com.apple.product-type.bundle.ui-testing";
		};
		C1F005012E29000500677FAA /* MiloWidgetExtension */ = {
			isa = PBXNativeTarget;
			buildConfigurationList = C1F00B012E29000B00677FAA /* Build configuration list for PBXNativeTarget "MiloWidgetExtension" */;
			buildPhases = (
				C1F007012E29000700677FAA /* Sources */,
				C1F006012E29000600677FAA /* Frameworks */,
				C1F008012E29000800677FAA /* Resources */,
			);
			buildRules = (
			);
			dependencies = (
			);
			fileSystemSynchronizedGroups = (
				C1F002012E29000200677FAA /* MiloWidget */,
				C1F003012E29000300677FAA /* Shared */,
			);
			name = MiloWidgetExtension;
			packageProductDependencies = (
			);
			productName = MiloWidgetExtension;
			productReference = C1F001012E29000100677FAA /* MiloWidgetExtension.appex */;
			productType = "com.apple.product-type.app-extension";
		};
/* End PBXNativeTarget section */

/* Begin PBXProject section */
		B31D85172E1A632900677FAA /* Project object */ = {
			isa = PBXProject;
			attributes = {
				BuildIndependentTargetsInParallel = 1;
				LastSwiftUpdateCheck = 1640;
				LastUpgradeCheck = 1640;
				TargetAttributes = {
					B31D851E2E1A632900677FAA = {
						CreatedOnToolsVersion = 16.4;
					};
					B31D85342E1A632B00677FAA = {
						CreatedOnToolsVersion = 16.4;
						TestTargetID = B31D851E2E1A632900677FAA;
					};
					B31D853E2E1A632B00677FAA = {
						CreatedOnToolsVersion = 16.4;
						TestTargetID = B31D851E2E1A632900677FAA;
					};
					C1F005012E29000500677FAA = {
						CreatedOnToolsVersion = 16.4;
					};
				};
			};
			buildConfigurationList = B31D851A2E1A632900677FAA /* Build configuration list for PBXProject "Milo-iOS" */;
			developmentRegion = en;
			hasScannedForEncodings = 0;
			knownRegions = (
				en,
				Base,
			);
			mainGroup = B31D85162E1A632900677FAA;
			minimizedProjectReferenceProxies = 1;
			preferredProjectObjectVersion = 77;
			productRefGroup = B31D85202E1A632900677FAA /* Products */;
			projectDirPath = "";
			projectRoot = "";
			targets = (
				B31D851E2E1A632900677FAA /* Milo-iOS */,
				B31D85342E1A632B00677FAA /* Milo-iOSTests */,
				B31D853E2E1A632B00677FAA /* Milo-iOSUITests */,
				C1F005012E29000500677FAA /* MiloWidgetExtension */,
				C2A005012E2A000500677FAA /* MiloNowPlayingExtension */,
			);
		};
/* End PBXProject section */

/* Begin PBXResourcesBuildPhase section */
		C2A008012E2A000800677FAA /* Resources */ = {
			isa = PBXResourcesBuildPhase;
			buildActionMask = 2147483647;
			files = (
			);
			runOnlyForDeploymentPostprocessing = 0;
		};
		B31D851D2E1A632900677FAA /* Resources */ = {
			isa = PBXResourcesBuildPhase;
			buildActionMask = 2147483647;
			files = (
			);
			runOnlyForDeploymentPostprocessing = 0;
		};
		B31D85332E1A632B00677FAA /* Resources */ = {
			isa = PBXResourcesBuildPhase;
			buildActionMask = 2147483647;
			files = (
			);
			runOnlyForDeploymentPostprocessing = 0;
		};
		B31D853D2E1A632B00677FAA /* Resources */ = {
			isa = PBXResourcesBuildPhase;
			buildActionMask = 2147483647;
			files = (
			);
			runOnlyForDeploymentPostprocessing = 0;
		};
		C1F008012E29000800677FAA /* Resources */ = {
			isa = PBXResourcesBuildPhase;
			buildActionMask = 2147483647;
			files = (
			);
			runOnlyForDeploymentPostprocessing = 0;
		};
/* End PBXResourcesBuildPhase section */

/* Begin PBXSourcesBuildPhase section */
		C2A007012E2A000700677FAA /* Sources */ = {
			isa = PBXSourcesBuildPhase;
			buildActionMask = 2147483647;
			files = (
			);
			runOnlyForDeploymentPostprocessing = 0;
		};
		B31D851B2E1A632900677FAA /* Sources */ = {
			isa = PBXSourcesBuildPhase;
			buildActionMask = 2147483647;
			files = (
			);
			runOnlyForDeploymentPostprocessing = 0;
		};
		B31D85312E1A632B00677FAA /* Sources */ = {
			isa = PBXSourcesBuildPhase;
			buildActionMask = 2147483647;
			files = (
			);
			runOnlyForDeploymentPostprocessing = 0;
		};
		B31D853B2E1A632B00677FAA /* Sources */ = {
			isa = PBXSourcesBuildPhase;
			buildActionMask = 2147483647;
			files = (
			);
			runOnlyForDeploymentPostprocessing = 0;
		};
		C1F007012E29000700677FAA /* Sources */ = {
			isa = PBXSourcesBuildPhase;
			buildActionMask = 2147483647;
			files = (
			);
			runOnlyForDeploymentPostprocessing = 0;
		};
/* End PBXSourcesBuildPhase section */

/* Begin PBXTargetDependency section */
		C2A00D012E2A000D00677FAA /* PBXTargetDependency */ = {
			isa = PBXTargetDependency;
			target = C2A005012E2A000500677FAA /* MiloNowPlayingExtension */;
			targetProxy = C2A00C012E2A000C00677FAA /* PBXContainerItemProxy */;
		};
		B31D85372E1A632B00677FAA /* PBXTargetDependency */ = {
			isa = PBXTargetDependency;
			target = B31D851E2E1A632900677FAA /* Milo-iOS */;
			targetProxy = B31D85362E1A632B00677FAA /* PBXContainerItemProxy */;
		};
		B31D85412E1A632B00677FAA /* PBXTargetDependency */ = {
			isa = PBXTargetDependency;
			target = B31D851E2E1A632900677FAA /* Milo-iOS */;
			targetProxy = B31D85402E1A632B00677FAA /* PBXContainerItemProxy */;
		};
		C1F00D012E29000D00677FAA /* PBXTargetDependency */ = {
			isa = PBXTargetDependency;
			target = C1F005012E29000500677FAA /* MiloWidgetExtension */;
			targetProxy = C1F00C012E29000C00677FAA /* PBXContainerItemProxy */;
		};
/* End PBXTargetDependency section */

/* Begin XCBuildConfiguration section */
		C2A009012E2A000900677FAA /* Debug */ = {
			isa = XCBuildConfiguration;
			buildSettings = {
				CODE_SIGN_ENTITLEMENTS = MiloNowPlaying/MiloNowPlaying.entitlements;
				CODE_SIGN_STYLE = Automatic;
				CURRENT_PROJECT_VERSION = 1;
				DEVELOPMENT_TEAM = 7C2S8B9978;
				GENERATE_INFOPLIST_FILE = YES;
				INFOPLIST_FILE = MiloNowPlaying/Info.plist;
				INFOPLIST_KEY_CFBundleDisplayName = MiloNowPlaying;
				IPHONEOS_DEPLOYMENT_TARGET = 27.0;
				LD_RUNPATH_SEARCH_PATHS = (
					"$(inherited)",
					"@executable_path/Frameworks",
					"@executable_path/../../Frameworks",
				);
				MARKETING_VERSION = 1.0;
				PRODUCT_BUNDLE_IDENTIFIER = "leodurand.Milo-iOS.MiloNowPlaying";
				PRODUCT_NAME = "$(TARGET_NAME)";
				SKIP_INSTALL = YES;
				SWIFT_EMIT_LOC_STRINGS = YES;
				SWIFT_VERSION = 5.0;
				TARGETED_DEVICE_FAMILY = "1,2";
				SWIFT_ACTIVE_COMPILATION_CONDITIONS = DEBUG;
			};
			name = Debug;
		};
		C2A00A012E2A000A00677FAA /* Release */ = {
			isa = XCBuildConfiguration;
			buildSettings = {
				CODE_SIGN_ENTITLEMENTS = MiloNowPlaying/MiloNowPlaying.entitlements;
				CODE_SIGN_STYLE = Automatic;
				CURRENT_PROJECT_VERSION = 1;
				DEVELOPMENT_TEAM = 7C2S8B9978;
				GENERATE_INFOPLIST_FILE = YES;
				INFOPLIST_FILE = MiloNowPlaying/Info.plist;
				INFOPLIST_KEY_CFBundleDisplayName = MiloNowPlaying;
				IPHONEOS_DEPLOYMENT_TARGET = 27.0;
				LD_RUNPATH_SEARCH_PATHS = (
					"$(inherited)",
					"@executable_path/Frameworks",
					"@executable_path/../../Frameworks",
				);
				MARKETING_VERSION = 1.0;
				PRODUCT_BUNDLE_IDENTIFIER = "leodurand.Milo-iOS.MiloNowPlaying";
				PRODUCT_NAME = "$(TARGET_NAME)";
				SKIP_INSTALL = YES;
				SWIFT_EMIT_LOC_STRINGS = YES;
				SWIFT_VERSION = 5.0;
				TARGETED_DEVICE_FAMILY = "1,2";
				SWIFT_COMPILATION_MODE = wholemodule;
			};
			name = Release;
		};
		B31D85492E1A632B00677FAA /* Debug */ = {
			isa = XCBuildConfiguration;
			buildSettings = {
				ASSETCATALOG_COMPILER_APPICON_NAME = AppIcon;
				ASSETCATALOG_COMPILER_GLOBAL_ACCENT_COLOR_NAME = AccentColor;
				CODE_SIGN_ENTITLEMENTS = "Milo-iOS/Milo_iOS.entitlements";
				CODE_SIGN_IDENTITY = "Apple Development";
				CODE_SIGN_STYLE = Automatic;
				CURRENT_PROJECT_VERSION = 1;
				DEVELOPMENT_TEAM = 7C2S8B9978;
				GENERATE_INFOPLIST_FILE = YES;
				INFOPLIST_FILE = "Milo-iOS/Info.plist";
				INFOPLIST_KEY_CFBundleDisplayName = "Milō";
				INFOPLIST_KEY_UIApplicationSupportsIndirectInputEvents = YES;
				INFOPLIST_KEY_UILaunchStoryboardName = LaunchScreen;
				INFOPLIST_KEY_UIMainStoryboardFile = Main;
				INFOPLIST_KEY_UISupportedInterfaceOrientations_iPad = "UIInterfaceOrientationPortrait UIInterfaceOrientationPortraitUpsideDown UIInterfaceOrientationLandscapeLeft UIInterfaceOrientationLandscapeRight";
				INFOPLIST_KEY_UISupportedInterfaceOrientations_iPhone = "UIInterfaceOrientationPortrait UIInterfaceOrientationLandscapeLeft UIInterfaceOrientationLandscapeRight";
				LD_RUNPATH_SEARCH_PATHS = (
					"$(inherited)",
					"@executable_path/Frameworks",
				);
				MARKETING_VERSION = 1.0;
				NEW_SETTING = "";
				PRODUCT_BUNDLE_IDENTIFIER = "leodurand.Milo-iOS";
				PRODUCT_NAME = "$(TARGET_NAME)";
				PROVISIONING_PROFILE_SPECIFIER = "";
				SWIFT_EMIT_LOC_STRINGS = YES;
				SWIFT_VERSION = 5.0;
				TARGETED_DEVICE_FAMILY = "1,2";
			};
			name = Debug;
		};
		B31D854A2E1A632B00677FAA /* Release */ = {
			isa = XCBuildConfiguration;
			buildSettings = {
				ASSETCATALOG_COMPILER_APPICON_NAME = AppIcon;
				ASSETCATALOG_COMPILER_GLOBAL_ACCENT_COLOR_NAME = AccentColor;
				CODE_SIGN_ENTITLEMENTS = "Milo-iOS/Milo_iOS.entitlements";
				CODE_SIGN_IDENTITY = "Apple Development";
				CODE_SIGN_STYLE = Automatic;
				CURRENT_PROJECT_VERSION = 1;
				DEVELOPMENT_TEAM = 7C2S8B9978;
				GENERATE_INFOPLIST_FILE = YES;
				INFOPLIST_FILE = "Milo-iOS/Info.plist";
				INFOPLIST_KEY_CFBundleDisplayName = "Milō";
				INFOPLIST_KEY_UIApplicationSupportsIndirectInputEvents = YES;
				INFOPLIST_KEY_UILaunchStoryboardName = LaunchScreen;
				INFOPLIST_KEY_UIMainStoryboardFile = Main;
				INFOPLIST_KEY_UISupportedInterfaceOrientations_iPad = "UIInterfaceOrientationPortrait UIInterfaceOrientationPortraitUpsideDown UIInterfaceOrientationLandscapeLeft UIInterfaceOrientationLandscapeRight";
				INFOPLIST_KEY_UISupportedInterfaceOrientations_iPhone = "UIInterfaceOrientationPortrait UIInterfaceOrientationLandscapeLeft UIInterfaceOrientationLandscapeRight";
				LD_RUNPATH_SEARCH_PATHS = (
					"$(inherited)",
					"@executable_path/Frameworks",
				);
				MARKETING_VERSION = 1.0;
				NEW_SETTING = "";
				PRODUCT_BUNDLE_IDENTIFIER = "leodurand.Milo-iOS";
				PRODUCT_NAME = "$(TARGET_NAME)";
				PROVISIONING_PROFILE_SPECIFIER = "";
				SWIFT_EMIT_LOC_STRINGS = YES;
				SWIFT_VERSION = 5.0;
				TARGETED_DEVICE_FAMILY = "1,2";
			};
			name = Release;
		};
		B31D854B2E1A632B00677FAA /* Debug */ = {
			isa = XCBuildConfiguration;
			buildSettings = {
				ALWAYS_SEARCH_USER_PATHS = NO;
				ASSETCATALOG_COMPILER_GENERATE_SWIFT_ASSET_SYMBOL_EXTENSIONS = YES;
				CLANG_ANALYZER_NONNULL = YES;
				CLANG_ANALYZER_NUMBER_OBJECT_CONVERSION = YES_AGGRESSIVE;
				CLANG_CXX_LANGUAGE_STANDARD = "gnu++20";
				CLANG_ENABLE_MODULES = YES;
				CLANG_ENABLE_OBJC_ARC = YES;
				CLANG_ENABLE_OBJC_WEAK = YES;
				CLANG_WARN_BLOCK_CAPTURE_AUTORELEASING = YES;
				CLANG_WARN_BOOL_CONVERSION = YES;
				CLANG_WARN_COMMA = YES;
				CLANG_WARN_CONSTANT_CONVERSION = YES;
				CLANG_WARN_DEPRECATED_OBJC_IMPLEMENTATIONS = YES;
				CLANG_WARN_DIRECT_OBJC_ISA_USAGE = YES_ERROR;
				CLANG_WARN_DOCUMENTATION_COMMENTS = YES;
				CLANG_WARN_EMPTY_BODY = YES;
				CLANG_WARN_ENUM_CONVERSION = YES;
				CLANG_WARN_INFINITE_RECURSION = YES;
				CLANG_WARN_INT_CONVERSION = YES;
				CLANG_WARN_NON_LITERAL_NULL_CONVERSION = YES;
				CLANG_WARN_OBJC_IMPLICIT_RETAIN_SELF = YES;
				CLANG_WARN_OBJC_LITERAL_CONVERSION = YES;
				CLANG_WARN_OBJC_ROOT_CLASS = YES_ERROR;
				CLANG_WARN_QUOTED_INCLUDE_IN_FRAMEWORK_HEADER = YES;
				CLANG_WARN_RANGE_LOOP_ANALYSIS = YES;
				CLANG_WARN_STRICT_PROTOTYPES = YES;
				CLANG_WARN_SUSPICIOUS_MOVE = YES;
				CLANG_WARN_UNGUARDED_AVAILABILITY = YES_AGGRESSIVE;
				CLANG_WARN_UNREACHABLE_CODE = YES;
				CLANG_WARN__DUPLICATE_METHOD_MATCH = YES;
				COPY_PHASE_STRIP = NO;
				DEBUG_INFORMATION_FORMAT = dwarf;
				DEVELOPMENT_TEAM = 7C2S8B9978;
				ENABLE_STRICT_OBJC_MSGSEND = YES;
				ENABLE_TESTABILITY = YES;
				ENABLE_USER_SCRIPT_SANDBOXING = YES;
				GCC_C_LANGUAGE_STANDARD = gnu17;
				GCC_DYNAMIC_NO_PIC = NO;
				GCC_NO_COMMON_BLOCKS = YES;
				GCC_OPTIMIZATION_LEVEL = 0;
				GCC_PREPROCESSOR_DEFINITIONS = (
					"DEBUG=1",
					"$(inherited)",
				);
				GCC_WARN_64_TO_32_BIT_CONVERSION = YES;
				GCC_WARN_ABOUT_RETURN_TYPE = YES_ERROR;
				GCC_WARN_UNDECLARED_SELECTOR = YES;
				GCC_WARN_UNINITIALIZED_AUTOS = YES_AGGRESSIVE;
				GCC_WARN_UNUSED_FUNCTION = YES;
				GCC_WARN_UNUSED_VARIABLE = YES;
				IPHONEOS_DEPLOYMENT_TARGET = 26.0;
				LOCALIZATION_PREFERS_STRING_CATALOGS = YES;
				MTL_ENABLE_DEBUG_INFO = INCLUDE_SOURCE;
				MTL_FAST_MATH = YES;
				ONLY_ACTIVE_ARCH = YES;
				SDKROOT = iphoneos;
				SWIFT_ACTIVE_COMPILATION_CONDITIONS = "DEBUG $(inherited)";
				SWIFT_OPTIMIZATION_LEVEL = "-Onone";
			};
			name = Debug;
		};
		B31D854C2E1A632B00677FAA /* Release */ = {
			isa = XCBuildConfiguration;
			buildSettings = {
				ALWAYS_SEARCH_USER_PATHS = NO;
				ASSETCATALOG_COMPILER_GENERATE_SWIFT_ASSET_SYMBOL_EXTENSIONS = YES;
				CLANG_ANALYZER_NONNULL = YES;
				CLANG_ANALYZER_NUMBER_OBJECT_CONVERSION = YES_AGGRESSIVE;
				CLANG_CXX_LANGUAGE_STANDARD = "gnu++20";
				CLANG_ENABLE_MODULES = YES;
				CLANG_ENABLE_OBJC_ARC = YES;
				CLANG_ENABLE_OBJC_WEAK = YES;
				CLANG_WARN_BLOCK_CAPTURE_AUTORELEASING = YES;
				CLANG_WARN_BOOL_CONVERSION = YES;
				CLANG_WARN_COMMA = YES;
				CLANG_WARN_CONSTANT_CONVERSION = YES;
				CLANG_WARN_DEPRECATED_OBJC_IMPLEMENTATIONS = YES;
				CLANG_WARN_DIRECT_OBJC_ISA_USAGE = YES_ERROR;
				CLANG_WARN_DOCUMENTATION_COMMENTS = YES;
				CLANG_WARN_EMPTY_BODY = YES;
				CLANG_WARN_ENUM_CONVERSION = YES;
				CLANG_WARN_INFINITE_RECURSION = YES;
				CLANG_WARN_INT_CONVERSION = YES;
				CLANG_WARN_NON_LITERAL_NULL_CONVERSION = YES;
				CLANG_WARN_OBJC_IMPLICIT_RETAIN_SELF = YES;
				CLANG_WARN_OBJC_LITERAL_CONVERSION = YES;
				CLANG_WARN_OBJC_ROOT_CLASS = YES_ERROR;
				CLANG_WARN_QUOTED_INCLUDE_IN_FRAMEWORK_HEADER = YES;
				CLANG_WARN_RANGE_LOOP_ANALYSIS = YES;
				CLANG_WARN_STRICT_PROTOTYPES = YES;
				CLANG_WARN_SUSPICIOUS_MOVE = YES;
				CLANG_WARN_UNGUARDED_AVAILABILITY = YES_AGGRESSIVE;
				CLANG_WARN_UNREACHABLE_CODE = YES;
				CLANG_WARN__DUPLICATE_METHOD_MATCH = YES;
				COPY_PHASE_STRIP = NO;
				DEBUG_INFORMATION_FORMAT = "dwarf-with-dsym";
				DEVELOPMENT_TEAM = 7C2S8B9978;
				ENABLE_NS_ASSERTIONS = NO;
				ENABLE_STRICT_OBJC_MSGSEND = YES;
				ENABLE_USER_SCRIPT_SANDBOXING = YES;
				GCC_C_LANGUAGE_STANDARD = gnu17;
				GCC_NO_COMMON_BLOCKS = YES;
				GCC_WARN_64_TO_32_BIT_CONVERSION = YES;
				GCC_WARN_ABOUT_RETURN_TYPE = YES_ERROR;
				GCC_WARN_UNDECLARED_SELECTOR = YES;
				GCC_WARN_UNINITIALIZED_AUTOS = YES_AGGRESSIVE;
				GCC_WARN_UNUSED_FUNCTION = YES;
				GCC_WARN_UNUSED_VARIABLE = YES;
				IPHONEOS_DEPLOYMENT_TARGET = 26.0;
				LOCALIZATION_PREFERS_STRING_CATALOGS = YES;
				MTL_ENABLE_DEBUG_INFO = NO;
				MTL_FAST_MATH = YES;
				SDKROOT = iphoneos;
				SWIFT_COMPILATION_MODE = wholemodule;
				VALIDATE_PRODUCT = YES;
			};
			name = Release;
		};
		B31D854E2E1A632B00677FAA /* Debug */ = {
			isa = XCBuildConfiguration;
			buildSettings = {
				BUNDLE_LOADER = "$(TEST_HOST)";
				CODE_SIGN_STYLE = Automatic;
				CURRENT_PROJECT_VERSION = 1;
				DEVELOPMENT_TEAM = 7C2S8B9978;
				GENERATE_INFOPLIST_FILE = YES;
				IPHONEOS_DEPLOYMENT_TARGET = 26.0;
				MARKETING_VERSION = 1.0;
				PRODUCT_BUNDLE_IDENTIFIER = "leodurand.Milo-iOSTests";
				PRODUCT_NAME = "$(TARGET_NAME)";
				SWIFT_EMIT_LOC_STRINGS = NO;
				SWIFT_VERSION = 5.0;
				TARGETED_DEVICE_FAMILY = "1,2";
				TEST_HOST = "$(BUILT_PRODUCTS_DIR)/Milo-iOS.app/$(BUNDLE_EXECUTABLE_FOLDER_PATH)/Milo-iOS";
			};
			name = Debug;
		};
		B31D854F2E1A632B00677FAA /* Release */ = {
			isa = XCBuildConfiguration;
			buildSettings = {
				BUNDLE_LOADER = "$(TEST_HOST)";
				CODE_SIGN_STYLE = Automatic;
				CURRENT_PROJECT_VERSION = 1;
				DEVELOPMENT_TEAM = 7C2S8B9978;
				GENERATE_INFOPLIST_FILE = YES;
				IPHONEOS_DEPLOYMENT_TARGET = 26.0;
				MARKETING_VERSION = 1.0;
				PRODUCT_BUNDLE_IDENTIFIER = "leodurand.Milo-iOSTests";
				PRODUCT_NAME = "$(TARGET_NAME)";
				SWIFT_EMIT_LOC_STRINGS = NO;
				SWIFT_VERSION = 5.0;
				TARGETED_DEVICE_FAMILY = "1,2";
				TEST_HOST = "$(BUILT_PRODUCTS_DIR)/Milo-iOS.app/$(BUNDLE_EXECUTABLE_FOLDER_PATH)/Milo-iOS";
			};
			name = Release;
		};
		B31D85512E1A632B00677FAA /* Debug */ = {
			isa = XCBuildConfiguration;
			buildSettings = {
				CODE_SIGN_STYLE = Automatic;
				CURRENT_PROJECT_VERSION = 1;
				DEVELOPMENT_TEAM = 7C2S8B9978;
				GENERATE_INFOPLIST_FILE = YES;
				MARKETING_VERSION = 1.0;
				PRODUCT_BUNDLE_IDENTIFIER = "leodurand.Milo-iOSUITests";
				PRODUCT_NAME = "$(TARGET_NAME)";
				SWIFT_EMIT_LOC_STRINGS = NO;
				SWIFT_VERSION = 5.0;
				TARGETED_DEVICE_FAMILY = "1,2";
				TEST_TARGET_NAME = "oakOS-iOS";
			};
			name = Debug;
		};
		B31D85522E1A632B00677FAA /* Release */ = {
			isa = XCBuildConfiguration;
			buildSettings = {
				CODE_SIGN_STYLE = Automatic;
				CURRENT_PROJECT_VERSION = 1;
				DEVELOPMENT_TEAM = 7C2S8B9978;
				GENERATE_INFOPLIST_FILE = YES;
				MARKETING_VERSION = 1.0;
				PRODUCT_BUNDLE_IDENTIFIER = "leodurand.Milo-iOSUITests";
				PRODUCT_NAME = "$(TARGET_NAME)";
				SWIFT_EMIT_LOC_STRINGS = NO;
				SWIFT_VERSION = 5.0;
				TARGETED_DEVICE_FAMILY = "1,2";
				TEST_TARGET_NAME = "oakOS-iOS";
			};
			name = Release;
		};
		C1F009012E29000900677FAA /* Debug */ = {
			isa = XCBuildConfiguration;
			buildSettings = {
				ASSETCATALOG_COMPILER_GLOBAL_ACCENT_COLOR_NAME = AccentColor;
				ASSETCATALOG_COMPILER_WIDGET_BACKGROUND_COLOR_NAME = WidgetBackground;
				CODE_SIGN_ENTITLEMENTS = MiloWidget/MiloWidgetExtension.entitlements;
				CODE_SIGN_STYLE = Automatic;
				CURRENT_PROJECT_VERSION = 1;
				DEVELOPMENT_TEAM = 7C2S8B9978;
				GENERATE_INFOPLIST_FILE = YES;
				INFOPLIST_FILE = MiloWidget/Info.plist;
				INFOPLIST_KEY_CFBundleDisplayName = MiloWidget;
				INFOPLIST_KEY_NSHumanReadableCopyright = "";
				LD_RUNPATH_SEARCH_PATHS = (
					"$(inherited)",
					"@executable_path/Frameworks",
					"@executable_path/../../Frameworks",
				);
				MARKETING_VERSION = 1.0;
				PRODUCT_BUNDLE_IDENTIFIER = "leodurand.Milo-iOS.MiloWidget";
				PRODUCT_NAME = "$(TARGET_NAME)";
				SKIP_INSTALL = YES;
				SWIFT_EMIT_LOC_STRINGS = YES;
				SWIFT_VERSION = 5.0;
				TARGETED_DEVICE_FAMILY = "1,2";
			};
			name = Debug;
		};
		C1F00A012E29000A00677FAA /* Release */ = {
			isa = XCBuildConfiguration;
			buildSettings = {
				ASSETCATALOG_COMPILER_GLOBAL_ACCENT_COLOR_NAME = AccentColor;
				ASSETCATALOG_COMPILER_WIDGET_BACKGROUND_COLOR_NAME = WidgetBackground;
				CODE_SIGN_ENTITLEMENTS = MiloWidget/MiloWidgetExtension.entitlements;
				CODE_SIGN_STYLE = Automatic;
				CURRENT_PROJECT_VERSION = 1;
				DEVELOPMENT_TEAM = 7C2S8B9978;
				GENERATE_INFOPLIST_FILE = YES;
				INFOPLIST_FILE = MiloWidget/Info.plist;
				INFOPLIST_KEY_CFBundleDisplayName = MiloWidget;
				INFOPLIST_KEY_NSHumanReadableCopyright = "";
				LD_RUNPATH_SEARCH_PATHS = (
					"$(inherited)",
					"@executable_path/Frameworks",
					"@executable_path/../../Frameworks",
				);
				MARKETING_VERSION = 1.0;
				PRODUCT_BUNDLE_IDENTIFIER = "leodurand.Milo-iOS.MiloWidget";
				PRODUCT_NAME = "$(TARGET_NAME)";
				SKIP_INSTALL = YES;
				SWIFT_EMIT_LOC_STRINGS = YES;
				SWIFT_VERSION = 5.0;
				TARGETED_DEVICE_FAMILY = "1,2";
			};
			name = Release;
		};
/* End XCBuildConfiguration section */

/* Begin XCConfigurationList section */
		C2A00B012E2A000B00677FAA /* Build configuration list for PBXNativeTarget "MiloNowPlayingExtension" */ = {
			isa = XCConfigurationList;
			buildConfigurations = (
				C2A009012E2A000900677FAA /* Debug */,
				C2A00A012E2A000A00677FAA /* Release */,
			);
			defaultConfigurationIsVisible = 0;
			defaultConfigurationName = Release;
		};
		B31D851A2E1A632900677FAA /* Build configuration list for PBXProject "Milo-iOS" */ = {
			isa = XCConfigurationList;
			buildConfigurations = (
				B31D854B2E1A632B00677FAA /* Debug */,
				B31D854C2E1A632B00677FAA /* Release */,
			);
			defaultConfigurationIsVisible = 0;
			defaultConfigurationName = Release;
		};
		B31D85482E1A632B00677FAA /* Build configuration list for PBXNativeTarget "Milo-iOS" */ = {
			isa = XCConfigurationList;
			buildConfigurations = (
				B31D85492E1A632B00677FAA /* Debug */,
				B31D854A2E1A632B00677FAA /* Release */,
			);
			defaultConfigurationIsVisible = 0;
			defaultConfigurationName = Release;
		};
		B31D854D2E1A632B00677FAA /* Build configuration list for PBXNativeTarget "Milo-iOSTests" */ = {
			isa = XCConfigurationList;
			buildConfigurations = (
				B31D854E2E1A632B00677FAA /* Debug */,
				B31D854F2E1A632B00677FAA /* Release */,
			);
			defaultConfigurationIsVisible = 0;
			defaultConfigurationName = Release;
		};
		B31D85502E1A632B00677FAA /* Build configuration list for PBXNativeTarget "Milo-iOSUITests" */ = {
			isa = XCConfigurationList;
			buildConfigurations = (
				B31D85512E1A632B00677FAA /* Debug */,
				B31D85522E1A632B00677FAA /* Release */,
			);
			defaultConfigurationIsVisible = 0;
			defaultConfigurationName = Release;
		};
		C1F00B012E29000B00677FAA /* Build configuration list for PBXNativeTarget "MiloWidgetExtension" */ = {
			isa = XCConfigurationList;
			buildConfigurations = (
				C1F009012E29000900677FAA /* Debug */,
				C1F00A012E29000A00677FAA /* Release */,
			);
			defaultConfigurationIsVisible = 0;
			defaultConfigurationName = Release;
		};
/* End XCConfigurationList section */
	};
	rootObject = B31D85172E1A632900677FAA /* Project object */;
}
